
Microsoft Visual Studio Solution File, Format Version 12.00
# Visual Studio 15
Project("{FAE04EC0-301F-11D3-BF4B-00C04F79EFBC}") = "Assembly-CSharp", "Assembly-CSharp.csproj", "{EB9E9B91-DCC3-A185-6EA1-56FB13A7E8F7}"
EndProject
Global
	GlobalSection(SolutionConfigurationPlatforms) = preSolution
		Debug|Any CPU = Debug|Any CPU
		Release|Any CPU = Release|Any CPU
	EndGlobalSection
	GlobalSection(ProjectConfigurationPlatforms) = postSolution
		{EB9E9B91-DCC3-A185-6EA1-56FB13A7E8F7}.Debug|Any CPU.ActiveCfg = Debug|Any CPU
		{EB9E9B91-DCC3-A185-6EA1-56FB13A7E8F7}.Debug|Any CPU.Build.0 = Debug|Any CPU
		{EB9E9B91-DCC3-A185-6EA1-56FB13A7E8F7}.Release|Any CPU.ActiveCfg = Release|Any CPU
		{EB9E9B91-DCC3-A185-6EA1-56FB13A7E8F7}.Release|Any CPU.Build.0 = Release|Any CPU
	EndGlobalSection
	GlobalSection(SolutionProperties) = preSolution
		HideSolutionNode = FALSE
	EndGlobalSection
EndGlobal
